<?xml version="1.0" encoding="utf-8"?>
<Project ToolsVersion="4.0" xmlns="http://schemas.microsoft.com/developer/msbuild/2003">
  <ItemGroup>
    <ClCompile Include="game.cpp" />
    <ClCompile Include="surface.cpp">
      <Filter>core\template code</Filter>
    </ClCompile>
    <ClCompile Include="template.cpp">
      <Filter>core\template code</Filter>
    </ClCompile>
    <ClCompile Include="playScreen.cpp">
      <Filter>ui\screens</Filter>
    </ClCompile>
    <ClCompile Include="keyboardInput.cpp">
      <Filter>core\input\keyboard</Filter>
    </ClCompile>
    <ClCompile Include="boundingBox.cpp">
      <Filter>systems\collision</Filter>
    </ClCompile>
    <ClCompile Include="startScreen.cpp">
      <Filter>ui\screens</Filter>
    </ClCompile>
    <ClCompile Include="mouseInput.cpp">
      <Filter>core\input\mouse</Filter>
    </ClCompile>
    <ClCompile Include="mouseSignals.cpp">
      <Filter>core\signals</Filter>
    </ClCompile>
    <ClCompile Include="playerSignals.cpp">
      <Filter>core\signals</Filter>
    </ClCompile>
    <ClCompile Include="screenSignals.cpp">
      <Filter>core\signals</Filter>
    </ClCompile>
    <ClCompile Include="player.cpp">
      <Filter>gameplay\objects\world objects</Filter>
    </ClCompile>
    <ClCompile Include="wall.cpp">
      <Filter>gameplay\objects\world objects</Filter>
    </ClCompile>
    <ClCompile Include="itemRepository.cpp">
      <Filter>gameplay\items</Filter>
    </ClCompile>
    <ClCompile Include="itemObject.cpp">
      <Filter>gameplay\objects\world objects</Filter>
    </ClCompile>
    <ClCompile Include="spriteRepository.cpp">
      <Filter>gameplay\sprites</Filter>
    </ClCompile>
    <ClCompile Include="object.cpp">
      <Filter>gameplay\objects</Filter>
    </ClCompile>
    <ClCompile Include="interactionCommand.hpp">
      <Filter>core\input\commands</Filter>
    </ClCompile>
    <ClCompile Include="interactionSignal.cpp">
      <Filter>core\signals</Filter>
    </ClCompile>
    <ClCompile Include="itemSignals.cpp">
      <Filter>core\signals</Filter>
    </ClCompile>
    <ClCompile Include="objectSignals.cpp">
      <Filter>core\signals</Filter>
    </ClCompile>
    <ClCompile Include="screen.cpp">
      <Filter>ui\screens</Filter>
    </ClCompile>
    <ClCompile Include="random.cpp">
      <Filter>core\util</Filter>
    </ClCompile>
    <ClCompile Include="settingsScreen.cpp">
      <Filter>ui\screens</Filter>
    </ClCompile>
    <ClCompile Include="keyboardSignals.cpp">
      <Filter>core\signals</Filter>
    </ClCompile>
    <ClCompile Include="objectRepository.cpp">
      <Filter>gameplay\objects\repository</Filter>
    </ClCompile>
    <ClCompile Include="worldCauldron.cpp">
      <Filter>gameplay\objects\world objects\cauldron</Filter>
    </ClCompile>
    <ClCompile Include="cookingScreen.cpp">
      <Filter>ui\screens</Filter>
    </ClCompile>
    <ClCompile Include="objectList.cpp">
      <Filter>gameplay\objects\repository</Filter>
    </ClCompile>
    <ClCompile Include="cookingCauldron.cpp">
      <Filter>gameplay\objects\world objects\cauldron</Filter>
    </ClCompile>
    <ClCompile Include="mouseMoveHandler.cpp">
      <Filter>core\input\mouse</Filter>
    </ClCompile>
    <ClCompile Include="spoon.cpp">
      <Filter>gameplay\objects\world objects</Filter>
    </ClCompile>
    <ClCompile Include="cauldron.cpp">
      <Filter>gameplay\objects\world objects\cauldron</Filter>
    </ClCompile>
    <ClCompile Include="blower.cpp">
      <Filter>gameplay\objects\world objects</Filter>
    </ClCompile>
    <ClCompile Include="inventoryScreen.cpp">
      <Filter>ui\screens</Filter>
    </ClCompile>
    <ClCompile Include="button.cpp">
      <Filter>ui\components</Filter>
    </ClCompile>
    <ClCompile Include="container.cpp">
      <Filter>ui\components</Filter>
    </ClCompile>
    <ClCompile Include="modal.cpp">
      <Filter>ui\components</Filter>
    </ClCompile>
    <ClCompile Include="inventorySlot.cpp">
      <Filter>ui\components</Filter>
    </ClCompile>
    <ClCompile Include="characterObject.cpp">
      <Filter>gameplay\objects</Filter>
    </ClCompile>
    <ClCompile Include="creatureTypeRepository.cpp">
      <Filter>gameplay\creaturetypes</Filter>
    </ClCompile>
    <ClCompile Include="creature.cpp">
      <Filter>gameplay\objects\world objects</Filter>
    </ClCompile>
    <ClCompile Include="countingStorage.cpp">
      <Filter>systems</Filter>
    </ClCompile>
    <ClCompile Include="surfaceRepository.cpp">
      <Filter>gameplay\sprites</Filter>
    </ClCompile>
    <ClCompile Include="animatedSprite.cpp">
      <Filter>core\rendering\sprite</Filter>
    </ClCompile>
    <ClCompile Include="sprite.cpp">
      <Filter>core\rendering\sprite</Filter>
    </ClCompile>
    <ClCompile Include="spritesheet.cpp">
      <Filter>core\rendering\sprite</Filter>
    </ClCompile>
    <ClCompile Include="spriteStack.cpp">
      <Filter>core\rendering\sprite</Filter>
    </ClCompile>
    <ClCompile Include="text.cpp">
      <Filter>core\rendering</Filter>
    </ClCompile>
    <ClCompile Include="string.cpp">
      <Filter>core\util</Filter>
    </ClCompile>
    <ClCompile Include="tooltip.cpp">
      <Filter>ui\components</Filter>
    </ClCompile>
  </ItemGroup>
  <ItemGroup>
    <ClInclude Include="game.h" />
    <ClInclude Include="surface.h">
      <Filter>core\template code</Filter>
    </ClInclude>
    <ClInclude Include="template.h">
      <Filter>core\template code</Filter>
    </ClInclude>
    <ClInclude Include="screen.hpp">
      <Filter>ui\screens</Filter>
    </ClInclude>
    <ClInclude Include="keyboardInput.hpp">
      <Filter>core\input\keyboard</Filter>
    </ClInclude>
    <ClInclude Include="command.hpp">
      <Filter>core\input\commands</Filter>
    </ClInclude>
    <ClInclude Include="moveCommand.hpp">
      <Filter>core\input\commands</Filter>
    </ClInclude>
    <ClInclude Include="object.hpp">
      <Filter>gameplay\objects</Filter>
    </ClInclude>
    <ClInclude Include="playScreen.hpp">
      <Filter>ui\screens</Filter>
    </ClInclude>
    <ClInclude Include="playerSignals.hpp">
      <Filter>core\signals</Filter>
    </ClInclude>
    <ClInclude Include="signal.hpp">
      <Filter>core\signals</Filter>
    </ClInclude>
    <ClInclude Include="boundingBox.hpp">
      <Filter>systems\collision</Filter>
    </ClInclude>
    <ClInclude Include="mouseInput.hpp">
      <Filter>core\input\mouse</Filter>
    </ClInclude>
    <ClInclude Include="mouseSignals.hpp">
      <Filter>core\signals</Filter>
    </ClInclude>
    <ClInclude Include="mousePressedCommand.hpp">
      <Filter>core\input\commands</Filter>
    </ClInclude>
    <ClInclude Include="mouseReleasedCommand.hpp">
      <Filter>core\input\commands</Filter>
    </ClInclude>
    <ClInclude Include="screenSignals.hpp">
      <Filter>core\signals</Filter>
    </ClInclude>
    <ClInclude Include="wall.hpp">
      <Filter>gameplay\objects\world objects</Filter>
    </ClInclude>
    <ClInclude Include="startScreen.hpp">
      <Filter>ui\screens</Filter>
    </ClInclude>
    <ClInclude Include="item.hpp">
      <Filter>gameplay\items</Filter>
    </ClInclude>
    <ClInclude Include="itemsRepository.hpp">
      <Filter>gameplay\items</Filter>
    </ClInclude>
    <ClInclude Include="itemObject.hpp">
      <Filter>gameplay\objects\world objects</Filter>
    </ClInclude>
    <ClInclude Include="spriteRepository.hpp">
      <Filter>gameplay\sprites</Filter>
    </ClInclude>
    <ClInclude Include="itemList.hpp">
      <Filter>gameplay\items</Filter>
    </ClInclude>
    <ClInclude Include="spriteList.hpp">
      <Filter>gameplay\sprites</Filter>
    </ClInclude>
    <ClInclude Include="random.hpp">
      <Filter>core\util</Filter>
    </ClInclude>
    <ClInclude Include="interactionSignal.hpp">
      <Filter>core\signals</Filter>
    </ClInclude>
    <ClInclude Include="itemSignals.hpp">
      <Filter>core\signals</Filter>
    </ClInclude>
    <ClInclude Include="objectSignals.hpp">
      <Filter>core\signals</Filter>
    </ClInclude>
    <ClInclude Include="terminatableSignal.hpp">
      <Filter>core\signals</Filter>
    </ClInclude>
    <ClInclude Include="settingsScreen.hpp">
      <Filter>ui\screens</Filter>
    </ClInclude>
    <ClInclude Include="keyboardSignals.hpp">
      <Filter>core\signals</Filter>
    </ClInclude>
    <ClInclude Include="objectRepository.hpp">
      <Filter>gameplay\objects\repository</Filter>
    </ClInclude>
    <ClInclude Include="worldCauldron.hpp">
      <Filter>gameplay\objects\world objects\cauldron</Filter>
    </ClInclude>
    <ClInclude Include="cauldron.hpp">
      <Filter>gameplay\objects\world objects\cauldron</Filter>
    </ClInclude>
    <ClInclude Include="cookingScreen.hpp">
      <Filter>ui\screens</Filter>
    </ClInclude>
    <ClInclude Include="cookingCauldron.hpp">
      <Filter>gameplay\objects\world objects\cauldron</Filter>
    </ClInclude>
    <ClInclude Include="player.hpp">
      <Filter>gameplay\objects\world objects</Filter>
    </ClInclude>
    <ClInclude Include="mouseMoveHandler.hpp">
      <Filter>core\input\mouse</Filter>
    </ClInclude>
    <ClInclude Include="spoon.hpp">
      <Filter>gameplay\objects\world objects</Filter>
    </ClInclude>
    <ClInclude Include="invisibleBarrier.hpp">
      <Filter>gameplay\objects\world objects</Filter>
    </ClInclude>
    <ClInclude Include="blower.hpp">
      <Filter>gameplay\objects\world objects</Filter>
    </ClInclude>
    <ClInclude Include="screens.hpp">
      <Filter>ui\screens</Filter>
    </ClInclude>
    <ClInclude Include="inventoryScreen.hpp">
      <Filter>ui\screens</Filter>
    </ClInclude>
    <ClInclude Include="screenCommands.hpp">
      <Filter>core\input\commands</Filter>
    </ClInclude>
    <ClInclude Include="inventory.hpp">
      <Filter>systems</Filter>
    </ClInclude>
    <ClInclude Include="button.hpp">
      <Filter>ui\components</Filter>
    </ClInclude>
    <ClInclude Include="container.hpp">
      <Filter>ui\components</Filter>
    </ClInclude>
    <ClInclude Include="modal.hpp">
      <Filter>ui\components</Filter>
    </ClInclude>
    <ClInclude Include="inventorySlot.hpp">
      <Filter>ui\components</Filter>
    </ClInclude>
    <ClInclude Include="characterObject.hpp">
      <Filter>gameplay\objects</Filter>
    </ClInclude>
    <ClInclude Include="creatureTypeRepository.hpp">
      <Filter>gameplay\creaturetypes</Filter>
    </ClInclude>
    <ClInclude Include="creatureType.hpp">
      <Filter>gameplay\creaturetypes</Filter>
    </ClInclude>
    <ClInclude Include="creatureTypeList.hpp">
      <Filter>gameplay\creaturetypes</Filter>
    </ClInclude>
    <ClInclude Include="husbandry.hpp">
      <Filter>systems\husbandry</Filter>
    </ClInclude>
    <ClInclude Include="plot.hpp">
      <Filter>systems\husbandry</Filter>
    </ClInclude>
    <ClInclude Include="objectList.hpp">
      <Filter>gameplay\objects\repository</Filter>
    </ClInclude>
    <ClInclude Include="creature.hpp">
      <Filter>gameplay\objects\world objects</Filter>
    </ClInclude>
    <ClInclude Include="countingStorage.hpp">
      <Filter>systems</Filter>
    </ClInclude>
    <ClInclude Include="surfaceRepository.hpp">
      <Filter>gameplay\sprites</Filter>
    </ClInclude>
    <ClInclude Include="surfaceList.hpp">
      <Filter>gameplay\sprites</Filter>
    </ClInclude>
    <ClInclude Include="rect2.hpp">
      <Filter>core\math</Filter>
    </ClInclude>
    <ClInclude Include="collider.hpp">
      <Filter>systems\collision</Filter>
    </ClInclude>
    <ClInclude Include="interactable.hpp">
      <Filter>systems\collision</Filter>
    </ClInclude>
    <ClInclude Include="tilemap.hpp">
      <Filter>core\rendering</Filter>
    </ClInclude>
    <ClInclude Include="vec2.hpp">
      <Filter>core\math</Filter>
    </ClInclude>
    <ClInclude Include="numbers.hpp">
      <Filter>core\types\concepts</Filter>
    </ClInclude>
    <ClInclude Include="tooltip.hpp">
      <Filter>ui\components</Filter>
    </ClInclude>
    <ClInclude Include="text.hpp">
      <Filter>core\rendering</Filter>
    </ClInclude>
    <ClInclude Include="animatedSprite.hpp">
      <Filter>core\rendering\sprite</Filter>
    </ClInclude>
    <ClInclude Include="sprite.hpp">
      <Filter>core\rendering\sprite</Filter>
    </ClInclude>
    <ClInclude Include="spritesheet.hpp">
      <Filter>core\rendering\sprite</Filter>
    </ClInclude>
    <ClInclude Include="spriteStack.hpp">
      <Filter>core\rendering\sprite</Filter>
    </ClInclude>
    <ClInclude Include="string.hpp">
      <Filter>core\util</Filter>
    </ClInclude>
  </ItemGroup>
  <ItemGroup>
    <Filter Include="ui">
      <UniqueIdentifier>{0addb362-fc74-43a8-9f28-ea4e09f94dda}</UniqueIdentifier>
    </Filter>
    <Filter Include="ui\screens">
      <UniqueIdentifier>{2ad15876-c853-4b87-a567-340cce7c51bf}</UniqueIdentifier>
    </Filter>
    <Filter Include="core">
      <UniqueIdentifier>{9482d17b-2523-4521-92b4-1b3b7ce96612}</UniqueIdentifier>
    </Filter>
    <Filter Include="core\input">
      <UniqueIdentifier>{eefdbe30-9fe1-43bb-95bd-6e7d99386ceb}</UniqueIdentifier>
    </Filter>
    <Filter Include="core\input\keyboard">
      <UniqueIdentifier>{d163f8d1-af90-41d9-8442-93145c9740ef}</UniqueIdentifier>
    </Filter>
    <Filter Include="core\input\commands">
      <UniqueIdentifier>{9876e609-8017-487d-8e7c-8860352a1dd0}</UniqueIdentifier>
    </Filter>
    <Filter Include="core\input\mouse">
      <UniqueIdentifier>{4588dd8c-1bca-4a6e-abd2-fb0851143d84}</UniqueIdentifier>
    </Filter>
    <Filter Include="core\template code">
      <UniqueIdentifier>{bf32dd6e-4be7-4889-8ac6-49e7ee163c40}</UniqueIdentifier>
    </Filter>
    <Filter Include="core\util">
      <UniqueIdentifier>{2619b8e0-ccb1-4002-aafc-d9f0aa1eadde}</UniqueIdentifier>
    </Filter>
    <Filter Include="core\signals">
      <UniqueIdentifier>{41334dba-d772-49e7-ab29-8518734ccd3a}</UniqueIdentifier>
    </Filter>
    <Filter Include="systems">
      <UniqueIdentifier>{e118c31a-266a-4bbc-a5ed-c917ae4d936d}</UniqueIdentifier>
    </Filter>
    <Filter Include="gameplay">
      <UniqueIdentifier>{ac759031-c66f-48c1-9a48-a15d86fe1433}</UniqueIdentifier>
    </Filter>
    <Filter Include="gameplay\items">
      <UniqueIdentifier>{0569b2f3-5705-4e9e-8eaf-5635ae495ae1}</UniqueIdentifier>
    </Filter>
    <Filter Include="gameplay\objects">
      <UniqueIdentifier>{8d9fc896-de6b-4621-9c13-d81c1be7fc81}</UniqueIdentifier>
    </Filter>
    <Filter Include="gameplay\objects\world objects">
      <UniqueIdentifier>{87c7c49a-e04e-4594-9e91-442fa62993a1}</UniqueIdentifier>
    </Filter>
    <Filter Include="gameplay\objects\world objects\cauldron">
      <UniqueIdentifier>{20cba432-7740-4170-ab0e-f2260c4316bb}</UniqueIdentifier>
    </Filter>
    <Filter Include="gameplay\objects\repository">
      <UniqueIdentifier>{b421812d-4b95-4415-b555-e63775cd9492}</UniqueIdentifier>
    </Filter>
    <Filter Include="systems\collision">
      <UniqueIdentifier>{2de750f0-e8e2-4f3d-bdd7-23ef42d349f7}</UniqueIdentifier>
    </Filter>
    <Filter Include="ui\components">
      <UniqueIdentifier>{37f7fe36-17bd-4008-bdb7-35c6672cd2b8}</UniqueIdentifier>
    </Filter>
    <Filter Include="gameplay\creaturetypes">
      <UniqueIdentifier>{2b8b7f85-5a83-480f-9880-fe2fde0daa96}</UniqueIdentifier>
    </Filter>
    <Filter Include="systems\husbandry">
      <UniqueIdentifier>{c4901bb5-8211-437c-8012-7a3ac516c0ab}</UniqueIdentifier>
    </Filter>
    <Filter Include="gameplay\sprites">
      <UniqueIdentifier>{9e228cc3-d583-4185-8876-f5186ad6a148}</UniqueIdentifier>
    </Filter>
    <Filter Include="core\rendering">
      <UniqueIdentifier>{28e27ebb-3e46-496c-bbb5-5c7dd720c835}</UniqueIdentifier>
    </Filter>
    <Filter Include="core\math">
      <UniqueIdentifier>{77fba2d8-8dfe-409e-890f-de247fd38a86}</UniqueIdentifier>
    </Filter>
    <Filter Include="core\types">
      <UniqueIdentifier>{7731ee56-6e1e-4db2-8983-27ef4ba39ab7}</UniqueIdentifier>
    </Filter>
    <Filter Include="core\types\concepts">
      <UniqueIdentifier>{ee324986-04dd-44db-aa3a-6afe0a87df56}</UniqueIdentifier>
    </Filter>
    <Filter Include="core\rendering\sprite">
      <UniqueIdentifier>{070c0153-b20c-4862-84ce-e0eebc3c0684}</UniqueIdentifier>
    </Filter>
  </ItemGroup>
  <ItemGroup>
    <Text Include="_readme.txt">
      <Filter>core\template code</Filter>
    </Text>
    <Text Include="todo.txt" />
    <Text Include="sources.txt" />
  </ItemGroup>
  <ItemGroup>
    <None Include="readme.md" />
  </ItemGroup>
</Project>