<?xml version="1.0" encoding="utf-8"?>
<Project ToolsVersion="4.0" xmlns="http://schemas.microsoft.com/developer/msbuild/2003">
  <ItemGroup>
    <ClCompile Include="game.cpp" />
    <ClCompile Include="surface.cpp">
      <Filter>template code</Filter>
    </ClCompile>
    <ClCompile Include="template.cpp">
      <Filter>template code</Filter>
    </ClCompile>
    <ClCompile Include="button.cpp">
      <Filter>components</Filter>
    </ClCompile>
    <ClCompile Include="keyboardInput.cpp">
      <Filter>input\keyboard</Filter>
    </ClCompile>
    <ClCompile Include="moveLeftCommand.cpp">
      <Filter>input\commands</Filter>
    </ClCompile>
    <ClCompile Include="player.cpp">
      <Filter>objects</Filter>
    </ClCompile>
    <ClCompile Include="playScreen.cpp">
      <Filter>components\screens</Filter>
    </ClCompile>
  </ItemGroup>
  <ItemGroup>
    <ClInclude Include="game.h" />
    <ClInclude Include="surface.h">
      <Filter>template code</Filter>
    </ClInclude>
    <ClInclude Include="template.h">
      <Filter>template code</Filter>
    </ClInclude>
    <ClInclude Include="screen.hpp">
      <Filter>components\screens</Filter>
    </ClInclude>
    <ClInclude Include="button.hpp">
      <Filter>components</Filter>
    </ClInclude>
    <ClInclude Include="keyboardInput.hpp">
      <Filter>input\keyboard</Filter>
    </ClInclude>
    <ClInclude Include="command.hpp">
      <Filter>input\commands</Filter>
    </ClInclude>
    <ClInclude Include="moveLeftCommand.hpp">
      <Filter>input\commands</Filter>
    </ClInclude>
    <ClInclude Include="player.hpp">
      <Filter>objects</Filter>
    </ClInclude>
    <ClInclude Include="object.hpp">
      <Filter>objects</Filter>
    </ClInclude>
    <ClInclude Include="playScreen.hpp">
      <Filter>components\screens</Filter>
    </ClInclude>
  </ItemGroup>
  <ItemGroup>
    <Filter Include="template code">
      <UniqueIdentifier>{bf32dd6e-4be7-4889-8ac6-49e7ee163c40}</UniqueIdentifier>
    </Filter>
    <Filter Include="components">
      <UniqueIdentifier>{0addb362-fc74-43a8-9f28-ea4e09f94dda}</UniqueIdentifier>
    </Filter>
    <Filter Include="input">
      <UniqueIdentifier>{eefdbe30-9fe1-43bb-95bd-6e7d99386ceb}</UniqueIdentifier>
    </Filter>
    <Filter Include="input\keyboard">
      <UniqueIdentifier>{d163f8d1-af90-41d9-8442-93145c9740ef}</UniqueIdentifier>
    </Filter>
    <Filter Include="components\screens">
      <UniqueIdentifier>{2ad15876-c853-4b87-a567-340cce7c51bf}</UniqueIdentifier>
    </Filter>
    <Filter Include="input\commands">
      <UniqueIdentifier>{9876e609-8017-487d-8e7c-8860352a1dd0}</UniqueIdentifier>
    </Filter>
    <Filter Include="objects">
      <UniqueIdentifier>{8d9fc896-de6b-4621-9c13-d81c1be7fc81}</UniqueIdentifier>
    </Filter>
  </ItemGroup>
  <ItemGroup>
    <Text Include="_readme.txt">
      <Filter>template code</Filter>
    </Text>
    <Text Include="todo.txt" />
    <Text Include="sources.txt" />
  </ItemGroup>
  <ItemGroup>
    <None Include="readme.md" />
  </ItemGroup>
</Project>