<?xml version="1.0" encoding="utf-8"?>
<Project ToolsVersion="4.0" xmlns="http://schemas.microsoft.com/developer/msbuild/2003">
  <ItemGroup>
    <ClCompile Include="game.cpp" />
    <ClCompile Include="core\tmpl8\surface.cpp">
      <Filter>core\tmpl8</Filter>
    </ClCompile>
    <ClCompile Include="core\tmpl8\template.cpp">
      <Filter>core\tmpl8</Filter>
    </ClCompile>
    <ClCompile Include="core\util\random.cpp">
      <Filter>core\util</Filter>
    </ClCompile>
    <ClCompile Include="core\util\string.cpp">
      <Filter>core\util</Filter>
    </ClCompile>
    <ClCompile Include="core\rendering\text.cpp">
      <Filter>core\rendering</Filter>
    </ClCompile>
    <ClCompile Include="core\rendering\sprite\animatedSprite.cpp">
      <Filter>core\rendering\sprite</Filter>
    </ClCompile>
    <ClCompile Include="core\rendering\sprite\sprite.cpp">
      <Filter>core\rendering\sprite</Filter>
    </ClCompile>
    <ClCompile Include="core\rendering\sprite\spritesheet.cpp">
      <Filter>core\rendering\sprite</Filter>
    </ClCompile>
    <ClCompile Include="core\rendering\sprite\spriteStack.cpp">
      <Filter>core\rendering\sprite</Filter>
    </ClCompile>
    <ClCompile Include="core\input\keyboard\keyboardInput.cpp">
      <Filter>core\input\keyboard</Filter>
    </ClCompile>
    <ClCompile Include="ui\clickables\animalShopItem.cpp">
      <Filter>ui\clickables</Filter>
    </ClCompile>
    <ClCompile Include="ui\clickables\button.cpp">
      <Filter>ui\clickables</Filter>
    </ClCompile>
    <ClCompile Include="ui\containers\modal.cpp">
      <Filter>ui\containers</Filter>
    </ClCompile>
    <ClCompile Include="ui\containers\objectContainer.cpp">
      <Filter>ui\containers</Filter>
    </ClCompile>
    <ClCompile Include="ui\inventorySlot.cpp">
      <Filter>ui</Filter>
    </ClCompile>
    <ClCompile Include="ui\scrollbar.cpp">
      <Filter>ui</Filter>
    </ClCompile>
    <ClCompile Include="scenes\animalShopScene.cpp">
      <Filter>scenes</Filter>
    </ClCompile>
    <ClCompile Include="scenes\cookingScene.cpp">
      <Filter>scenes</Filter>
    </ClCompile>
    <ClCompile Include="scenes\inventoryScene.cpp">
      <Filter>scenes</Filter>
    </ClCompile>
    <ClCompile Include="scenes\playScene.cpp">
      <Filter>scenes</Filter>
    </ClCompile>
    <ClCompile Include="scenes\scene.cpp">
      <Filter>scenes</Filter>
    </ClCompile>
    <ClCompile Include="scenes\settingsScene.cpp">
      <Filter>scenes</Filter>
    </ClCompile>
    <ClCompile Include="scenes\startScene.cpp">
      <Filter>scenes</Filter>
    </ClCompile>
    <ClCompile Include="systems\collision\boundingBox.cpp">
      <Filter>systems\collision</Filter>
    </ClCompile>
    <ClCompile Include="systems\collision\collider.cpp">
      <Filter>systems\collision</Filter>
    </ClCompile>
    <ClCompile Include="systems\cooking\itemLog.cpp">
      <Filter>systems\cooking</Filter>
    </ClCompile>
    <ClCompile Include="systems\cooking\recipeBook.cpp">
      <Filter>systems\cooking</Filter>
    </ClCompile>
    <ClCompile Include="systems\currency\wallet.cpp">
      <Filter>systems\currency</Filter>
    </ClCompile>
    <ClCompile Include="systems\husbandry\plot.cpp">
      <Filter>systems\husbandry</Filter>
    </ClCompile>
    <ClCompile Include="systems\drawDispatcher.cpp">
      <Filter>systems</Filter>
    </ClCompile>
    <ClCompile Include="systems\subscriptionManager.cpp">
      <Filter>systems</Filter>
    </ClCompile>
    <ClCompile Include="gameplay\objects\cauldron\cauldron.cpp">
      <Filter>gameplay\objects\cauldron</Filter>
    </ClCompile>
    <ClCompile Include="gameplay\objects\cauldron\cookingCauldron.cpp">
      <Filter>gameplay\objects\cauldron</Filter>
    </ClCompile>
    <ClCompile Include="gameplay\objects\cauldron\worldCauldron.cpp">
      <Filter>gameplay\objects\cauldron</Filter>
    </ClCompile>
    <ClCompile Include="gameplay\objects\husbandry\creature.cpp">
      <Filter>gameplay\objects\husbandry</Filter>
    </ClCompile>
    <ClCompile Include="gameplay\objects\husbandry\plotObject.cpp">
      <Filter>gameplay\objects\husbandry</Filter>
    </ClCompile>
    <ClCompile Include="gameplay\objects\blower.cpp">
      <Filter>gameplay\objects</Filter>
    </ClCompile>
    <ClCompile Include="gameplay\objects\characterObject.cpp">
      <Filter>gameplay\objects</Filter>
    </ClCompile>
    <ClCompile Include="gameplay\objects\customerObject.cpp">
      <Filter>gameplay\objects</Filter>
    </ClCompile>
    <ClCompile Include="gameplay\objects\itemObject.cpp">
      <Filter>gameplay\objects</Filter>
    </ClCompile>
    <ClCompile Include="gameplay\objects\player.cpp">
      <Filter>gameplay\objects</Filter>
    </ClCompile>
    <ClCompile Include="gameplay\objects\spoon.cpp">
      <Filter>gameplay\objects</Filter>
    </ClCompile>
    <ClCompile Include="gameplay\objects\wall.cpp">
      <Filter>gameplay\objects</Filter>
    </ClCompile>
    <ClCompile Include="gameplay\sprites\spriteRepository.cpp">
      <Filter>gameplay\sprites</Filter>
    </ClCompile>
    <ClCompile Include="gameplay\sprites\surfaceRepository.cpp">
      <Filter>gameplay\sprites</Filter>
    </ClCompile>
    <ClCompile Include="gameplay\signals\interactionSignal.cpp">
      <Filter>gameplay\signals</Filter>
    </ClCompile>
    <ClCompile Include="gameplay\signals\itemSignals.cpp">
      <Filter>gameplay\signals</Filter>
    </ClCompile>
    <ClCompile Include="gameplay\signals\objectSignals.cpp">
      <Filter>gameplay\signals</Filter>
    </ClCompile>
    <ClCompile Include="gameplay\signals\playerSignals.cpp">
      <Filter>gameplay\signals</Filter>
    </ClCompile>
    <ClCompile Include="gameplay\signals\sceneSignals.cpp">
      <Filter>gameplay\signals</Filter>
    </ClCompile>
    <ClCompile Include="gameplay\signals\uiSignals.cpp">
      <Filter>gameplay\signals</Filter>
    </ClCompile>
    <ClCompile Include="gameplay\items\itemRepository.cpp">
      <Filter>gameplay\items</Filter>
    </ClCompile>
    <ClCompile Include="gameplay\customertypes\customerTypeRepository.cpp">
      <Filter>gameplay\customertypes</Filter>
    </ClCompile>
    <ClCompile Include="gameplay\creaturetypes\creatureTypeRepository.cpp">
      <Filter>gameplay\creaturetypes</Filter>
    </ClCompile>
  </ItemGroup>
  <ItemGroup>
    <ClInclude Include="game.h" />
    <ClInclude Include="core\tmpl8\surface.h">
      <Filter>core\tmpl8</Filter>
    </ClInclude>
    <ClInclude Include="core\tmpl8\template.h">
      <Filter>core\tmpl8</Filter>
    </ClInclude>
    <ClInclude Include="core\util\random.hpp">
      <Filter>core\util</Filter>
    </ClInclude>
    <ClInclude Include="core\util\string.hpp">
      <Filter>core\util</Filter>
    </ClInclude>
    <ClInclude Include="core\types\numbers.hpp">
      <Filter>core\types</Filter>
    </ClInclude>
    <ClInclude Include="core\rendering\text.hpp">
      <Filter>core\rendering</Filter>
    </ClInclude>
    <ClInclude Include="core\rendering\tilemap.hpp">
      <Filter>core\rendering</Filter>
    </ClInclude>
    <ClInclude Include="core\rendering\sprite\animatedSprite.hpp">
      <Filter>core\rendering\sprite</Filter>
    </ClInclude>
    <ClInclude Include="core\rendering\sprite\sprite.hpp">
      <Filter>core\rendering\sprite</Filter>
    </ClInclude>
    <ClInclude Include="core\rendering\sprite\spritesheet.hpp">
      <Filter>core\rendering\sprite</Filter>
    </ClInclude>
    <ClInclude Include="core\rendering\sprite\spriteStack.hpp">
      <Filter>core\rendering\sprite</Filter>
    </ClInclude>
    <ClInclude Include="core\input\keyboard\keyboardInput.hpp">
      <Filter>core\input\keyboard</Filter>
    </ClInclude>
    <ClInclude Include="core\input\commands\command.hpp">
      <Filter>core\input\commands</Filter>
    </ClInclude>
    <ClInclude Include="core\input\commands\interactionCommand.hpp">
      <Filter>core\input\commands</Filter>
    </ClInclude>
    <ClInclude Include="core\input\commands\moveCommand.hpp">
      <Filter>core\input\commands</Filter>
    </ClInclude>
    <ClInclude Include="core\input\commands\sceneCommands.hpp">
      <Filter>core\input\commands</Filter>
    </ClInclude>
    <ClInclude Include="core\math\rect2.hpp">
      <Filter>core\math</Filter>
    </ClInclude>
    <ClInclude Include="core\math\vec2.hpp">
      <Filter>core\math</Filter>
    </ClInclude>
    <ClInclude Include="ui\clickables\animalShopItem.hpp">
      <Filter>ui\clickables</Filter>
    </ClInclude>
    <ClInclude Include="ui\clickables\button.hpp">
      <Filter>ui\clickables</Filter>
    </ClInclude>
    <ClInclude Include="ui\clickables\clickable.hpp">
      <Filter>ui\clickables</Filter>
    </ClInclude>
    <ClInclude Include="ui\containers\modal.hpp">
      <Filter>ui\containers</Filter>
    </ClInclude>
    <ClInclude Include="ui\containers\objectContainer.hpp">
      <Filter>ui\containers</Filter>
    </ClInclude>
    <ClInclude Include="ui\inventorySlot.hpp">
      <Filter>ui</Filter>
    </ClInclude>
    <ClInclude Include="ui\scrollbar.hpp">
      <Filter>ui</Filter>
    </ClInclude>
    <ClInclude Include="scenes\animalShopScene.hpp">
      <Filter>scenes</Filter>
    </ClInclude>
    <ClInclude Include="scenes\cookingScene.hpp">
      <Filter>scenes</Filter>
    </ClInclude>
    <ClInclude Include="scenes\inventoryScene.hpp">
      <Filter>scenes</Filter>
    </ClInclude>
    <ClInclude Include="scenes\playScene.hpp">
      <Filter>scenes</Filter>
    </ClInclude>
    <ClInclude Include="scenes\scene.hpp">
      <Filter>scenes</Filter>
    </ClInclude>
    <ClInclude Include="scenes\scenes.hpp">
      <Filter>scenes</Filter>
    </ClInclude>
    <ClInclude Include="scenes\settingsScene.hpp">
      <Filter>scenes</Filter>
    </ClInclude>
    <ClInclude Include="scenes\startScene.hpp">
      <Filter>scenes</Filter>
    </ClInclude>
    <ClInclude Include="systems\collision\boundingBox.hpp">
      <Filter>systems\collision</Filter>
    </ClInclude>
    <ClInclude Include="systems\collision\collider.hpp">
      <Filter>systems\collision</Filter>
    </ClInclude>
    <ClInclude Include="systems\collision\interactable.hpp">
      <Filter>systems\collision</Filter>
    </ClInclude>
    <ClInclude Include="systems\cooking\itemLog.hpp">
      <Filter>systems\cooking</Filter>
    </ClInclude>
    <ClInclude Include="systems\cooking\recipeBook.hpp">
      <Filter>systems\cooking</Filter>
    </ClInclude>
    <ClInclude Include="systems\currency\wallet.hpp">
      <Filter>systems\currency</Filter>
    </ClInclude>
    <ClInclude Include="systems\husbandry\husbandry.hpp">
      <Filter>systems\husbandry</Filter>
    </ClInclude>
    <ClInclude Include="systems\husbandry\plot.hpp">
      <Filter>systems\husbandry</Filter>
    </ClInclude>
    <ClInclude Include="systems\countingStorage.hpp">
      <Filter>systems</Filter>
    </ClInclude>
    <ClInclude Include="systems\drawDispatcher.hpp">
      <Filter>systems</Filter>
    </ClInclude>
    <ClInclude Include="systems\inventory.hpp">
      <Filter>systems</Filter>
    </ClInclude>
    <ClInclude Include="systems\object.hpp">
      <Filter>systems</Filter>
    </ClInclude>
    <ClInclude Include="systems\subscriptionManager.hpp">
      <Filter>systems</Filter>
    </ClInclude>
    <ClInclude Include="gameplay\objects\cauldron\cauldron.hpp">
      <Filter>gameplay\objects\cauldron</Filter>
    </ClInclude>
    <ClInclude Include="gameplay\objects\cauldron\cookingCauldron.hpp">
      <Filter>gameplay\objects\cauldron</Filter>
    </ClInclude>
    <ClInclude Include="gameplay\objects\cauldron\worldCauldron.hpp">
      <Filter>gameplay\objects\cauldron</Filter>
    </ClInclude>
    <ClInclude Include="gameplay\objects\husbandry\creature.hpp">
      <Filter>gameplay\objects\husbandry</Filter>
    </ClInclude>
    <ClInclude Include="gameplay\objects\husbandry\plotObject.hpp">
      <Filter>gameplay\objects\husbandry</Filter>
    </ClInclude>
    <ClInclude Include="gameplay\objects\blower.hpp">
      <Filter>gameplay\objects</Filter>
    </ClInclude>
    <ClInclude Include="gameplay\objects\characterObject.hpp">
      <Filter>gameplay\objects</Filter>
    </ClInclude>
    <ClInclude Include="gameplay\objects\customerObject.hpp">
      <Filter>gameplay\objects</Filter>
    </ClInclude>
    <ClInclude Include="gameplay\objects\invisibleBarrier.hpp">
      <Filter>gameplay\objects</Filter>
    </ClInclude>
    <ClInclude Include="gameplay\objects\itemObject.hpp">
      <Filter>gameplay\objects</Filter>
    </ClInclude>
    <ClInclude Include="gameplay\objects\player.hpp">
      <Filter>gameplay\objects</Filter>
    </ClInclude>
    <ClInclude Include="gameplay\objects\spoon.hpp">
      <Filter>gameplay\objects</Filter>
    </ClInclude>
    <ClInclude Include="gameplay\objects\wall.hpp">
      <Filter>gameplay\objects</Filter>
    </ClInclude>
    <ClInclude Include="gameplay\sprites\spriteRepository.hpp">
      <Filter>gameplay\sprites</Filter>
    </ClInclude>
    <ClInclude Include="gameplay\sprites\sprites.hpp">
      <Filter>gameplay\sprites</Filter>
    </ClInclude>
    <ClInclude Include="gameplay\sprites\surfaceRepository.hpp">
      <Filter>gameplay\sprites</Filter>
    </ClInclude>
    <ClInclude Include="gameplay\sprites\surfaces.hpp">
      <Filter>gameplay\sprites</Filter>
    </ClInclude>
    <ClInclude Include="gameplay\signals\interactionSignal.hpp">
      <Filter>gameplay\signals</Filter>
    </ClInclude>
    <ClInclude Include="gameplay\signals\itemSignals.hpp">
      <Filter>gameplay\signals</Filter>
    </ClInclude>
    <ClInclude Include="gameplay\signals\objectSignals.hpp">
      <Filter>gameplay\signals</Filter>
    </ClInclude>
    <ClInclude Include="gameplay\signals\playerSignals.hpp">
      <Filter>gameplay\signals</Filter>
    </ClInclude>
    <ClInclude Include="gameplay\signals\sceneSignals.hpp">
      <Filter>gameplay\signals</Filter>
    </ClInclude>
    <ClInclude Include="gameplay\signals\signal.hpp">
      <Filter>gameplay\signals</Filter>
    </ClInclude>
    <ClInclude Include="gameplay\signals\terminatableSignal.hpp">
      <Filter>gameplay\signals</Filter>
    </ClInclude>
    <ClInclude Include="gameplay\signals\uiSignals.hpp">
      <Filter>gameplay\signals</Filter>
    </ClInclude>
    <ClInclude Include="gameplay\items\item.hpp">
      <Filter>gameplay\items</Filter>
    </ClInclude>
    <ClInclude Include="gameplay\items\itemList.hpp">
      <Filter>gameplay\items</Filter>
    </ClInclude>
    <ClInclude Include="gameplay\items\items.hpp">
      <Filter>gameplay\items</Filter>
    </ClInclude>
    <ClInclude Include="gameplay\items\itemsRepository.hpp">
      <Filter>gameplay\items</Filter>
    </ClInclude>
    <ClInclude Include="gameplay\customertypes\customerType.hpp">
      <Filter>gameplay\customertypes</Filter>
    </ClInclude>
    <ClInclude Include="gameplay\customertypes\customerTypeRepository.hpp">
      <Filter>gameplay\customertypes</Filter>
    </ClInclude>
    <ClInclude Include="gameplay\customertypes\customerTypes.hpp">
      <Filter>gameplay\customertypes</Filter>
    </ClInclude>
    <ClInclude Include="gameplay\creaturetypes\creatureType.hpp">
      <Filter>gameplay\creaturetypes</Filter>
    </ClInclude>
    <ClInclude Include="gameplay\creaturetypes\creatureTypeRepository.hpp">
      <Filter>gameplay\creaturetypes</Filter>
    </ClInclude>
    <ClInclude Include="gameplay\creaturetypes\creatureTypes.hpp">
      <Filter>gameplay\creaturetypes</Filter>
    </ClInclude>
  </ItemGroup>
  <ItemGroup>
    <Filter Include="ui">
      <UniqueIdentifier>{0addb362-fc74-43a8-9f28-ea4e09f94dda}</UniqueIdentifier>
    </Filter>
    <Filter Include="core">
      <UniqueIdentifier>{9482d17b-2523-4521-92b4-1b3b7ce96612}</UniqueIdentifier>
    </Filter>
    <Filter Include="core\input">
      <UniqueIdentifier>{eefdbe30-9fe1-43bb-95bd-6e7d99386ceb}</UniqueIdentifier>
    </Filter>
    <Filter Include="core\input\keyboard">
      <UniqueIdentifier>{d163f8d1-af90-41d9-8442-93145c9740ef}</UniqueIdentifier>
    </Filter>
    <Filter Include="core\input\commands">
      <UniqueIdentifier>{9876e609-8017-487d-8e7c-8860352a1dd0}</UniqueIdentifier>
    </Filter>
    <Filter Include="core\util">
      <UniqueIdentifier>{2619b8e0-ccb1-4002-aafc-d9f0aa1eadde}</UniqueIdentifier>
    </Filter>
    <Filter Include="systems">
      <UniqueIdentifier>{e118c31a-266a-4bbc-a5ed-c917ae4d936d}</UniqueIdentifier>
    </Filter>
    <Filter Include="gameplay">
      <UniqueIdentifier>{ac759031-c66f-48c1-9a48-a15d86fe1433}</UniqueIdentifier>
    </Filter>
    <Filter Include="gameplay\items">
      <UniqueIdentifier>{0569b2f3-5705-4e9e-8eaf-5635ae495ae1}</UniqueIdentifier>
    </Filter>
    <Filter Include="systems\collision">
      <UniqueIdentifier>{2de750f0-e8e2-4f3d-bdd7-23ef42d349f7}</UniqueIdentifier>
    </Filter>
    <Filter Include="gameplay\creaturetypes">
      <UniqueIdentifier>{2b8b7f85-5a83-480f-9880-fe2fde0daa96}</UniqueIdentifier>
    </Filter>
    <Filter Include="systems\husbandry">
      <UniqueIdentifier>{c4901bb5-8211-437c-8012-7a3ac516c0ab}</UniqueIdentifier>
    </Filter>
    <Filter Include="gameplay\sprites">
      <UniqueIdentifier>{9e228cc3-d583-4185-8876-f5186ad6a148}</UniqueIdentifier>
    </Filter>
    <Filter Include="core\rendering">
      <UniqueIdentifier>{28e27ebb-3e46-496c-bbb5-5c7dd720c835}</UniqueIdentifier>
    </Filter>
    <Filter Include="core\math">
      <UniqueIdentifier>{77fba2d8-8dfe-409e-890f-de247fd38a86}</UniqueIdentifier>
    </Filter>
    <Filter Include="core\types">
      <UniqueIdentifier>{7731ee56-6e1e-4db2-8983-27ef4ba39ab7}</UniqueIdentifier>
    </Filter>
    <Filter Include="core\rendering\sprite">
      <UniqueIdentifier>{070c0153-b20c-4862-84ce-e0eebc3c0684}</UniqueIdentifier>
    </Filter>
    <Filter Include="gameplay\signals">
      <UniqueIdentifier>{41334dba-d772-49e7-ab29-8518734ccd3a}</UniqueIdentifier>
    </Filter>
    <Filter Include="systems\currency">
      <UniqueIdentifier>{e19a5421-aee2-4d3b-aca7-5373ac90b392}</UniqueIdentifier>
    </Filter>
    <Filter Include="gameplay\customertypes">
      <UniqueIdentifier>{0d13a39c-2b91-4795-ba45-6721cafa5fae}</UniqueIdentifier>
    </Filter>
    <Filter Include="systems\cooking">
      <UniqueIdentifier>{e0d80745-5cba-4717-b97c-cab2726dc455}</UniqueIdentifier>
    </Filter>
    <Filter Include="core\tmpl8">
      <UniqueIdentifier>{bf32dd6e-4be7-4889-8ac6-49e7ee163c40}</UniqueIdentifier>
    </Filter>
    <Filter Include="ui\clickables">
      <UniqueIdentifier>{fb775c4d-7c69-4f8a-a144-7ecce2608786}</UniqueIdentifier>
    </Filter>
    <Filter Include="ui\containers">
      <UniqueIdentifier>{72aff4de-3f84-4f93-a448-8126cbc3cdb4}</UniqueIdentifier>
    </Filter>
    <Filter Include="scenes">
      <UniqueIdentifier>{a4e751d9-e75a-4215-b53d-a115467db53c}</UniqueIdentifier>
    </Filter>
    <Filter Include="gameplay\objects">
      <UniqueIdentifier>{87c7c49a-e04e-4594-9e91-442fa62993a1}</UniqueIdentifier>
    </Filter>
    <Filter Include="gameplay\objects\cauldron">
      <UniqueIdentifier>{20cba432-7740-4170-ab0e-f2260c4316bb}</UniqueIdentifier>
    </Filter>
    <Filter Include="gameplay\objects\husbandry">
      <UniqueIdentifier>{24c5cfee-532e-4825-b7a9-40117c49e2bb}</UniqueIdentifier>
    </Filter>
  </ItemGroup>
  <ItemGroup>
    <Text Include="sources.txt" />
    <Text Include="core\tmpl8\_readme.txt">
      <Filter>core\tmpl8</Filter>
    </Text>
  </ItemGroup>
  <ItemGroup>
    <None Include="readme.md" />
  </ItemGroup>
</Project>